
Microsoft Visual Studio Solution File, Format Version 12.00
# Visual Studio Version 17
VisualStudioVersion = 17.14.36310.24 d17.14
MinimumVisualStudioVersion = 10.0.40219.1
Project("{FAE04EC0-301F-11D3-BF4B-00C04F79EFBC}") = "EventEase.API", "EventEase.API\EventEase.API.csproj", "{BAD3C359-01BA-4A0F-9769-991CC034B9A4}"
EndProject
Project("{FAE04EC0-301F-11D3-BF4B-00C04F79EFBC}") = "EventEase.Core", "EventEase.Core\EventEase.Core.csproj", "{709FDC94-C818-4B7F-9640-5E88FB3F4A51}"
EndProject
Project("{FAE04EC0-301F-11D3-BF4B-00C04F79EFBC}") = "EventEase.Application", "EventEase.Application\EventEase.Application.csproj", "{6990E3E3-F240-4F96-B109-20ED0DA762E1}"
EndProject
Project("{FAE04EC0-301F-11D3-BF4B-00C04F79EFBC}") = "EventEase.Infrastructure", "EventEase.Infrastructure\EventEase.Infrastructure.csproj", "{7FF52617-F9AD-453C-8826-0117125C43D5}"
EndProject
Global
	GlobalSection(SolutionConfigurationPlatforms) = preSolution
		Debug|Any CPU = Debug|Any CPU
		Release|Any CPU = Release|Any CPU
	EndGlobalSection
	GlobalSection(ProjectConfigurationPlatforms) = postSolution
		{BAD3C359-01BA-4A0F-9769-991CC034B9A4}.Debug|Any CPU.ActiveCfg = Debug|Any CPU
		{BAD3C359-01BA-4A0F-9769-991CC034B9A4}.Debug|Any CPU.Build.0 = Debug|Any CPU
		{BAD3C359-01BA-4A0F-9769-991CC034B9A4}.Release|Any CPU.ActiveCfg = Release|Any CPU
		{BAD3C359-01BA-4A0F-9769-991CC034B9A4}.Release|Any CPU.Build.0 = Release|Any CPU
		{709FDC94-C818-4B7F-9640-5E88FB3F4A51}.Debug|Any CPU.ActiveCfg = Debug|Any CPU
		{709FDC94-C818-4B7F-9640-5E88FB3F4A51}.Debug|Any CPU.Build.0 = Debug|Any CPU
		{709FDC94-C818-4B7F-9640-5E88FB3F4A51}.Release|Any CPU.ActiveCfg = Release|Any CPU
		{709FDC94-C818-4B7F-9640-5E88FB3F4A51}.Release|Any CPU.Build.0 = Release|Any CPU
		{6990E3E3-F240-4F96-B109-20ED0DA762E1}.Debug|Any CPU.ActiveCfg = Debug|Any CPU
		{6990E3E3-F240-4F96-B109-20ED0DA762E1}.Debug|Any CPU.Build.0 = Debug|Any CPU
		{6990E3E3-F240-4F96-B109-20ED0DA762E1}.Release|Any CPU.ActiveCfg = Release|Any CPU
		{6990E3E3-F240-4F96-B109-20ED0DA762E1}.Release|Any CPU.Build.0 = Release|Any CPU
		{7FF52617-F9AD-453C-8826-0117125C43D5}.Debug|Any CPU.ActiveCfg = Debug|Any CPU
		{7FF52617-F9AD-453C-8826-0117125C43D5}.Debug|Any CPU.Build.0 = Debug|Any CPU
		{7FF52617-F9AD-453C-8826-0117125C43D5}.Release|Any CPU.ActiveCfg = Release|Any CPU
		{7FF52617-F9AD-453C-8826-0117125C43D5}.Release|Any CPU.Build.0 = Release|Any CPU
	EndGlobalSection
	GlobalSection(SolutionProperties) = preSolution
		HideSolutionNode = FALSE
	EndGlobalSection
	GlobalSection(ExtensibilityGlobals) = postSolution
		SolutionGuid = {CA9558C1-946B-4206-BFA4-4F5767AB26DD}
	EndGlobalSection
EndGlobal
