
Microsoft Visual Studio Solution File, Format Version 12.00
# Visual Studio Version 17
VisualStudioVersion = 17.14.36310.24 d17.14
MinimumVisualStudioVersion = 10.0.40219.1
Project("{FAE04EC0-301F-11D3-BF4B-00C04F79EFBC}") = "AutomapperDemo.Core", "AutomapperDemo.Core\AutomapperDemo.Core.csproj", "{93AF12B7-02AA-4A46-A3A9-2CBBA363F79C}"
EndProject
Project("{FAE04EC0-301F-11D3-BF4B-00C04F79EFBC}") = "AutomapperDemo.Infrastructure", "AutomapperDemo.Infrastructure\AutomapperDemo.Infrastructure.csproj", "{E4802FB6-EE13-4AE4-8028-1D7E8D108E12}"
EndProject
Project("{FAE04EC0-301F-11D3-BF4B-00C04F79EFBC}") = "AutomapperDemo.Application", "AutomapperDemo.Application\AutomapperDemo.Application.csproj", "{ACAE6079-D880-447D-B3DD-975C15DCFB99}"
EndProject
Project("{FAE04EC0-301F-11D3-BF4B-00C04F79EFBC}") = "AutomapperDemo.ConsoleUI", "AutomapperDemo.ConsoleUI\AutomapperDemo.ConsoleUI.csproj", "{0F679089-1461-4C2B-8945-205ABD94887C}"
EndProject
Global
	GlobalSection(SolutionConfigurationPlatforms) = preSolution
		Debug|Any CPU = Debug|Any CPU
		Release|Any CPU = Release|Any CPU
	EndGlobalSection
	GlobalSection(ProjectConfigurationPlatforms) = postSolution
		{93AF12B7-02AA-4A46-A3A9-2CBBA363F79C}.Debug|Any CPU.ActiveCfg = Debug|Any CPU
		{93AF12B7-02AA-4A46-A3A9-2CBBA363F79C}.Debug|Any CPU.Build.0 = Debug|Any CPU
		{93AF12B7-02AA-4A46-A3A9-2CBBA363F79C}.Release|Any CPU.ActiveCfg = Release|Any CPU
		{93AF12B7-02AA-4A46-A3A9-2CBBA363F79C}.Release|Any CPU.Build.0 = Release|Any CPU
		{E4802FB6-EE13-4AE4-8028-1D7E8D108E12}.Debug|Any CPU.ActiveCfg = Debug|Any CPU
		{E4802FB6-EE13-4AE4-8028-1D7E8D108E12}.Debug|Any CPU.Build.0 = Debug|Any CPU
		{E4802FB6-EE13-4AE4-8028-1D7E8D108E12}.Release|Any CPU.ActiveCfg = Release|Any CPU
		{E4802FB6-EE13-4AE4-8028-1D7E8D108E12}.Release|Any CPU.Build.0 = Release|Any CPU
		{ACAE6079-D880-447D-B3DD-975C15DCFB99}.Debug|Any CPU.ActiveCfg = Debug|Any CPU
		{ACAE6079-D880-447D-B3DD-975C15DCFB99}.Debug|Any CPU.Build.0 = Debug|Any CPU
		{ACAE6079-D880-447D-B3DD-975C15DCFB99}.Release|Any CPU.ActiveCfg = Release|Any CPU
		{ACAE6079-D880-447D-B3DD-975C15DCFB99}.Release|Any CPU.Build.0 = Release|Any CPU
		{0F679089-1461-4C2B-8945-205ABD94887C}.Debug|Any CPU.ActiveCfg = Debug|Any CPU
		{0F679089-1461-4C2B-8945-205ABD94887C}.Debug|Any CPU.Build.0 = Debug|Any CPU
		{0F679089-1461-4C2B-8945-205ABD94887C}.Release|Any CPU.ActiveCfg = Release|Any CPU
		{0F679089-1461-4C2B-8945-205ABD94887C}.Release|Any CPU.Build.0 = Release|Any CPU
	EndGlobalSection
	GlobalSection(SolutionProperties) = preSolution
		HideSolutionNode = FALSE
	EndGlobalSection
	GlobalSection(ExtensibilityGlobals) = postSolution
		SolutionGuid = {7454C455-7544-4CE7-9F07-5FDA6170C37A}
	EndGlobalSection
EndGlobal
