
Microsoft Visual Studio Solution File, Format Version 12.00
# Visual Studio Version 17
VisualStudioVersion = 17.14.36310.24 d17.14
MinimumVisualStudioVersion = 10.0.40219.1
Project("{FAE04EC0-301F-11D3-BF4B-00C04F79EFBC}") = "EmployeeTrackerGenericRepo.Core", "EmployeeTrackerGenericRepo.Core\EmployeeTrackerGenericRepo.Core.csproj", "{46B4D36F-5DC7-4DDF-8AB4-EB5EAE5548A9}"
EndProject
Project("{FAE04EC0-301F-11D3-BF4B-00C04F79EFBC}") = "EmployeeTrackerGenericRepo.Application", "EmployeeTrackerGenericRepo.Application\EmployeeTrackerGenericRepo.Application.csproj", "{4FE5ADA4-7F98-44FD-AF78-6956A5987814}"
EndProject
Project("{FAE04EC0-301F-11D3-BF4B-00C04F79EFBC}") = "EmployeeTrackerGenericRepo.Infrastructure", "EmployeeTrackerGenericRepo.Infrastructure\EmployeeTrackerGenericRepo.Infrastructure.csproj", "{CA2C13B0-96F0-4EF8-83EF-B6BD19BD41F5}"
EndProject
Project("{FAE04EC0-301F-11D3-BF4B-00C04F79EFBC}") = "EmployeeTrackerGenericRepo.ConsoleUI", "EmployeeTrackerGenericRepo.ConsoleUI\EmployeeTrackerGenericRepo.ConsoleUI.csproj", "{F7687FC6-BF63-4871-A60E-C89343A462FA}"
EndProject
Global
	GlobalSection(SolutionConfigurationPlatforms) = preSolution
		Debug|Any CPU = Debug|Any CPU
		Release|Any CPU = Release|Any CPU
	EndGlobalSection
	GlobalSection(ProjectConfigurationPlatforms) = postSolution
		{46B4D36F-5DC7-4DDF-8AB4-EB5EAE5548A9}.Debug|Any CPU.ActiveCfg = Debug|Any CPU
		{46B4D36F-5DC7-4DDF-8AB4-EB5EAE5548A9}.Debug|Any CPU.Build.0 = Debug|Any CPU
		{46B4D36F-5DC7-4DDF-8AB4-EB5EAE5548A9}.Release|Any CPU.ActiveCfg = Release|Any CPU
		{46B4D36F-5DC7-4DDF-8AB4-EB5EAE5548A9}.Release|Any CPU.Build.0 = Release|Any CPU
		{4FE5ADA4-7F98-44FD-AF78-6956A5987814}.Debug|Any CPU.ActiveCfg = Debug|Any CPU
		{4FE5ADA4-7F98-44FD-AF78-6956A5987814}.Debug|Any CPU.Build.0 = Debug|Any CPU
		{4FE5ADA4-7F98-44FD-AF78-6956A5987814}.Release|Any CPU.ActiveCfg = Release|Any CPU
		{4FE5ADA4-7F98-44FD-AF78-6956A5987814}.Release|Any CPU.Build.0 = Release|Any CPU
		{CA2C13B0-96F0-4EF8-83EF-B6BD19BD41F5}.Debug|Any CPU.ActiveCfg = Debug|Any CPU
		{CA2C13B0-96F0-4EF8-83EF-B6BD19BD41F5}.Debug|Any CPU.Build.0 = Debug|Any CPU
		{CA2C13B0-96F0-4EF8-83EF-B6BD19BD41F5}.Release|Any CPU.ActiveCfg = Release|Any CPU
		{CA2C13B0-96F0-4EF8-83EF-B6BD19BD41F5}.Release|Any CPU.Build.0 = Release|Any CPU
		{F7687FC6-BF63-4871-A60E-C89343A462FA}.Debug|Any CPU.ActiveCfg = Debug|Any CPU
		{F7687FC6-BF63-4871-A60E-C89343A462FA}.Debug|Any CPU.Build.0 = Debug|Any CPU
		{F7687FC6-BF63-4871-A60E-C89343A462FA}.Release|Any CPU.ActiveCfg = Release|Any CPU
		{F7687FC6-BF63-4871-A60E-C89343A462FA}.Release|Any CPU.Build.0 = Release|Any CPU
	EndGlobalSection
	GlobalSection(SolutionProperties) = preSolution
		HideSolutionNode = FALSE
	EndGlobalSection
	GlobalSection(ExtensibilityGlobals) = postSolution
		SolutionGuid = {93C33F1B-E657-4E25-A299-C261B74A3364}
	EndGlobalSection
EndGlobal
