
Microsoft Visual Studio Solution File, Format Version 12.00
# Visual Studio Version 17
VisualStudioVersion = 17.14.36310.24
MinimumVisualStudioVersion = 10.0.40219.1
Project("{FAE04EC0-301F-11D3-BF4B-00C04F79EFBC}") = "SupportDesk.Core", "SupportDesk.Core\SupportDesk.Core.csproj", "{02E3B829-F306-42DB-8F88-CC6C60B4DA64}"
EndProject
Project("{FAE04EC0-301F-11D3-BF4B-00C04F79EFBC}") = "SupportDesk.Application", "SupportDesk.Application\SupportDesk.Application.csproj", "{4E602EC4-8B11-4F9D-A13F-2EE08FA830AE}"
EndProject
Project("{FAE04EC0-301F-11D3-BF4B-00C04F79EFBC}") = "SupportDesk.Infrastructure", "SupportDesk.Infrastructure\SupportDesk.Infrastructure.csproj", "{4CD369A5-7CAA-45AD-9F40-B82D42427370}"
EndProject
Project("{FAE04EC0-301F-11D3-BF4B-00C04F79EFBC}") = "SupportDesk.ConsoleUI", "SupportDesk.ConsoleUI\SupportDesk.ConsoleUI.csproj", "{F803BB7F-8A1C-490A-BEED-081C24958E63}"
EndProject
Global
	GlobalSection(SolutionConfigurationPlatforms) = preSolution
		Debug|Any CPU = Debug|Any CPU
		Debug|x64 = Debug|x64
		Debug|x86 = Debug|x86
		Release|Any CPU = Release|Any CPU
		Release|x64 = Release|x64
		Release|x86 = Release|x86
	EndGlobalSection
	GlobalSection(ProjectConfigurationPlatforms) = postSolution
		{02E3B829-F306-42DB-8F88-CC6C60B4DA64}.Debug|Any CPU.ActiveCfg = Debug|Any CPU
		{02E3B829-F306-42DB-8F88-CC6C60B4DA64}.Debug|Any CPU.Build.0 = Debug|Any CPU
		{02E3B829-F306-42DB-8F88-CC6C60B4DA64}.Debug|x64.ActiveCfg = Debug|Any CPU
		{02E3B829-F306-42DB-8F88-CC6C60B4DA64}.Debug|x64.Build.0 = Debug|Any CPU
		{02E3B829-F306-42DB-8F88-CC6C60B4DA64}.Debug|x86.ActiveCfg = Debug|Any CPU
		{02E3B829-F306-42DB-8F88-CC6C60B4DA64}.Debug|x86.Build.0 = Debug|Any CPU
		{02E3B829-F306-42DB-8F88-CC6C60B4DA64}.Release|Any CPU.ActiveCfg = Release|Any CPU
		{02E3B829-F306-42DB-8F88-CC6C60B4DA64}.Release|Any CPU.Build.0 = Release|Any CPU
		{02E3B829-F306-42DB-8F88-CC6C60B4DA64}.Release|x64.ActiveCfg = Release|Any CPU
		{02E3B829-F306-42DB-8F88-CC6C60B4DA64}.Release|x64.Build.0 = Release|Any CPU
		{02E3B829-F306-42DB-8F88-CC6C60B4DA64}.Release|x86.ActiveCfg = Release|Any CPU
		{02E3B829-F306-42DB-8F88-CC6C60B4DA64}.Release|x86.Build.0 = Release|Any CPU
		{4E602EC4-8B11-4F9D-A13F-2EE08FA830AE}.Debug|Any CPU.ActiveCfg = Debug|Any CPU
		{4E602EC4-8B11-4F9D-A13F-2EE08FA830AE}.Debug|Any CPU.Build.0 = Debug|Any CPU
		{4E602EC4-8B11-4F9D-A13F-2EE08FA830AE}.Debug|x64.ActiveCfg = Debug|Any CPU
		{4E602EC4-8B11-4F9D-A13F-2EE08FA830AE}.Debug|x64.Build.0 = Debug|Any CPU
		{4E602EC4-8B11-4F9D-A13F-2EE08FA830AE}.Debug|x86.ActiveCfg = Debug|Any CPU
		{4E602EC4-8B11-4F9D-A13F-2EE08FA830AE}.Debug|x86.Build.0 = Debug|Any CPU
		{4E602EC4-8B11-4F9D-A13F-2EE08FA830AE}.Release|Any CPU.ActiveCfg = Release|Any CPU
		{4E602EC4-8B11-4F9D-A13F-2EE08FA830AE}.Release|Any CPU.Build.0 = Release|Any CPU
		{4E602EC4-8B11-4F9D-A13F-2EE08FA830AE}.Release|x64.ActiveCfg = Release|Any CPU
		{4E602EC4-8B11-4F9D-A13F-2EE08FA830AE}.Release|x64.Build.0 = Release|Any CPU
		{4E602EC4-8B11-4F9D-A13F-2EE08FA830AE}.Release|x86.ActiveCfg = Release|Any CPU
		{4E602EC4-8B11-4F9D-A13F-2EE08FA830AE}.Release|x86.Build.0 = Release|Any CPU
		{4CD369A5-7CAA-45AD-9F40-B82D42427370}.Debug|Any CPU.ActiveCfg = Debug|Any CPU
		{4CD369A5-7CAA-45AD-9F40-B82D42427370}.Debug|Any CPU.Build.0 = Debug|Any CPU
		{4CD369A5-7CAA-45AD-9F40-B82D42427370}.Debug|x64.ActiveCfg = Debug|Any CPU
		{4CD369A5-7CAA-45AD-9F40-B82D42427370}.Debug|x64.Build.0 = Debug|Any CPU
		{4CD369A5-7CAA-45AD-9F40-B82D42427370}.Debug|x86.ActiveCfg = Debug|Any CPU
		{4CD369A5-7CAA-45AD-9F40-B82D42427370}.Debug|x86.Build.0 = Debug|Any CPU
		{4CD369A5-7CAA-45AD-9F40-B82D42427370}.Release|Any CPU.ActiveCfg = Release|Any CPU
		{4CD369A5-7CAA-45AD-9F40-B82D42427370}.Release|Any CPU.Build.0 = Release|Any CPU
		{4CD369A5-7CAA-45AD-9F40-B82D42427370}.Release|x64.ActiveCfg = Release|Any CPU
		{4CD369A5-7CAA-45AD-9F40-B82D42427370}.Release|x64.Build.0 = Release|Any CPU
		{4CD369A5-7CAA-45AD-9F40-B82D42427370}.Release|x86.ActiveCfg = Release|Any CPU
		{4CD369A5-7CAA-45AD-9F40-B82D42427370}.Release|x86.Build.0 = Release|Any CPU
		{F803BB7F-8A1C-490A-BEED-081C24958E63}.Debug|Any CPU.ActiveCfg = Debug|Any CPU
		{F803BB7F-8A1C-490A-BEED-081C24958E63}.Debug|Any CPU.Build.0 = Debug|Any CPU
		{F803BB7F-8A1C-490A-BEED-081C24958E63}.Debug|x64.ActiveCfg = Debug|Any CPU
		{F803BB7F-8A1C-490A-BEED-081C24958E63}.Debug|x64.Build.0 = Debug|Any CPU
		{F803BB7F-8A1C-490A-BEED-081C24958E63}.Debug|x86.ActiveCfg = Debug|Any CPU
		{F803BB7F-8A1C-490A-BEED-081C24958E63}.Debug|x86.Build.0 = Debug|Any CPU
		{F803BB7F-8A1C-490A-BEED-081C24958E63}.Release|Any CPU.ActiveCfg = Release|Any CPU
		{F803BB7F-8A1C-490A-BEED-081C24958E63}.Release|Any CPU.Build.0 = Release|Any CPU
		{F803BB7F-8A1C-490A-BEED-081C24958E63}.Release|x64.ActiveCfg = Release|Any CPU
		{F803BB7F-8A1C-490A-BEED-081C24958E63}.Release|x64.Build.0 = Release|Any CPU
		{F803BB7F-8A1C-490A-BEED-081C24958E63}.Release|x86.ActiveCfg = Release|Any CPU
		{F803BB7F-8A1C-490A-BEED-081C24958E63}.Release|x86.Build.0 = Release|Any CPU
	EndGlobalSection
	GlobalSection(SolutionProperties) = preSolution
		HideSolutionNode = FALSE
	EndGlobalSection
	GlobalSection(ExtensibilityGlobals) = postSolution
		SolutionGuid = {AAD81606-C0A9-457C-AFBF-AF309DA99604}
	EndGlobalSection
EndGlobal
