
Microsoft Visual Studio Solution File, Format Version 12.00
# Visual Studio Version 17
VisualStudioVersion = 17.14.36310.24 d17.14
MinimumVisualStudioVersion = 10.0.40219.1
Project("{FAE04EC0-301F-11D3-BF4B-00C04F79EFBC}") = "EmployeeTrackerAutoMapper.Core", "EmployeeTrackerAutoMapper.Core\EmployeeTrackerAutoMapper.Core.csproj", "{86C83C86-53C6-4E04-ACCA-EBA1E639A1D8}"
EndProject
Project("{FAE04EC0-301F-11D3-BF4B-00C04F79EFBC}") = "EmployeeTrackerAutoMapper.Application", "EmployeeTrackerAutoMapper.Application\EmployeeTrackerAutoMapper.Application.csproj", "{9B73C492-A7A8-41EC-9D71-F9FAE39BC836}"
EndProject
Project("{FAE04EC0-301F-11D3-BF4B-00C04F79EFBC}") = "EmployeeTrackerAutoMapper.Infrastructure", "EmployeeTrackerAutoMapper.Infrastructure\EmployeeTrackerAutoMapper.Infrastructure.csproj", "{5DD6FAAA-D147-4BBD-818F-4F76326ECDF2}"
EndProject
Project("{FAE04EC0-301F-11D3-BF4B-00C04F79EFBC}") = "EmployeeTrackerAutoMapper.ConsoleUI", "EmployeeTrackerAutoMapper.ConsoleUI\EmployeeTrackerAutoMapper.ConsoleUI.csproj", "{C795AD2F-A403-461F-9ACA-F6A49D5BF08C}"
EndProject
Global
	GlobalSection(SolutionConfigurationPlatforms) = preSolution
		Debug|Any CPU = Debug|Any CPU
		Release|Any CPU = Release|Any CPU
	EndGlobalSection
	GlobalSection(ProjectConfigurationPlatforms) = postSolution
		{86C83C86-53C6-4E04-ACCA-EBA1E639A1D8}.Debug|Any CPU.ActiveCfg = Debug|Any CPU
		{86C83C86-53C6-4E04-ACCA-EBA1E639A1D8}.Debug|Any CPU.Build.0 = Debug|Any CPU
		{86C83C86-53C6-4E04-ACCA-EBA1E639A1D8}.Release|Any CPU.ActiveCfg = Release|Any CPU
		{86C83C86-53C6-4E04-ACCA-EBA1E639A1D8}.Release|Any CPU.Build.0 = Release|Any CPU
		{9B73C492-A7A8-41EC-9D71-F9FAE39BC836}.Debug|Any CPU.ActiveCfg = Debug|Any CPU
		{9B73C492-A7A8-41EC-9D71-F9FAE39BC836}.Debug|Any CPU.Build.0 = Debug|Any CPU
		{9B73C492-A7A8-41EC-9D71-F9FAE39BC836}.Release|Any CPU.ActiveCfg = Release|Any CPU
		{9B73C492-A7A8-41EC-9D71-F9FAE39BC836}.Release|Any CPU.Build.0 = Release|Any CPU
		{5DD6FAAA-D147-4BBD-818F-4F76326ECDF2}.Debug|Any CPU.ActiveCfg = Debug|Any CPU
		{5DD6FAAA-D147-4BBD-818F-4F76326ECDF2}.Debug|Any CPU.Build.0 = Debug|Any CPU
		{5DD6FAAA-D147-4BBD-818F-4F76326ECDF2}.Release|Any CPU.ActiveCfg = Release|Any CPU
		{5DD6FAAA-D147-4BBD-818F-4F76326ECDF2}.Release|Any CPU.Build.0 = Release|Any CPU
		{C795AD2F-A403-461F-9ACA-F6A49D5BF08C}.Debug|Any CPU.ActiveCfg = Debug|Any CPU
		{C795AD2F-A403-461F-9ACA-F6A49D5BF08C}.Debug|Any CPU.Build.0 = Debug|Any CPU
		{C795AD2F-A403-461F-9ACA-F6A49D5BF08C}.Release|Any CPU.ActiveCfg = Release|Any CPU
		{C795AD2F-A403-461F-9ACA-F6A49D5BF08C}.Release|Any CPU.Build.0 = Release|Any CPU
	EndGlobalSection
	GlobalSection(SolutionProperties) = preSolution
		HideSolutionNode = FALSE
	EndGlobalSection
	GlobalSection(ExtensibilityGlobals) = postSolution
		SolutionGuid = {9B63986E-42D7-4286-A786-9AF88694BAB0}
	EndGlobalSection
EndGlobal
